
Microsoft Visual Studio Solution File, Format Version 12.00
# Visual Studio Version 16
VisualStudioVersion = 16.0.29905.134
MinimumVisualStudioVersion = 10.0.40219.1
Project("{FAE04EC0-301F-11D3-BF4B-00C04F79EFBC}") = "Day03TempConv", "Day03TempConv\Day03TempConv.csproj", "{0A53B7D4-F2A9-4702-8991-7EEEFDB0DB3A}"
EndProject
Global
	GlobalSection(SolutionConfigurationPlatforms) = preSolution
		Debug|Any CPU = Debug|Any CPU
		Release|Any CPU = Release|Any CPU
	EndGlobalSection
	GlobalSection(ProjectConfigurationPlatforms) = postSolution
		{0A53B7D4-F2A9-4702-8991-7EEEFDB0DB3A}.Debug|Any CPU.ActiveCfg = Debug|Any CPU
		{0A53B7D4-F2A9-4702-8991-7EEEFDB0DB3A}.Debug|Any CPU.Build.0 = Debug|Any CPU
		{0A53B7D4-F2A9-4702-8991-7EEEFDB0DB3A}.Release|Any CPU.ActiveCfg = Release|Any CPU
		{0A53B7D4-F2A9-4702-8991-7EEEFDB0DB3A}.Release|Any CPU.Build.0 = Release|Any CPU
	EndGlobalSection
	GlobalSection(SolutionProperties) = preSolution
		HideSolutionNode = FALSE
	EndGlobalSection
	GlobalSection(ExtensibilityGlobals) = postSolution
		SolutionGuid = {DA8745A4-8612-4773-A45A-82AE38E7BE25}
	EndGlobalSection
EndGlobal
